
Microsoft Visual Studio Solution File, Format Version 12.00
# Visual Studio Version 16
VisualStudioVersion = 16.0.30413.136
MinimumVisualStudioVersion = 10.0.40219.1
Project("{FAE04EC0-301F-11D3-BF4B-00C04F79EFBC}") = "APIPublications", "APIPublications\APIPublications.csproj", "{DA83178B-04F3-4DA7-98DA-748C65B63851}"
EndProject
Project("{FAE04EC0-301F-11D3-BF4B-00C04F79EFBC}") = "APIPublications.Data", "APIPublications.Data\APIPublications.Data.csproj", "{3C1139EA-46FD-4068-875E-FC431D82E1F1}"
EndProject
Project("{FAE04EC0-301F-11D3-BF4B-00C04F79EFBC}") = "APIPublications.Entity", "APIPublications.Entity\APIPublications.Entity.csproj", "{D2A21D70-F130-47FE-8785-1081EA2D3853}"
EndProject
Project("{FAE04EC0-301F-11D3-BF4B-00C04F79EFBC}") = "APIPublications.Core", "APIPublications.Core\APIPublications.Core.csproj", "{F3C304CC-3A7F-438F-A713-1C43CE2F27C8}"
EndProject
Project("{FAE04EC0-301F-11D3-BF4B-00C04F79EFBC}") = "APIPublications.Model", "APIPublications.Model\APIPublications.Model.csproj", "{40292863-F01E-4CF9-A342-C1A9C5D7DAE2}"
EndProject
Global
	GlobalSection(SolutionConfigurationPlatforms) = preSolution
		Debug|Any CPU = Debug|Any CPU
		Release|Any CPU = Release|Any CPU
	EndGlobalSection
	GlobalSection(ProjectConfigurationPlatforms) = postSolution
		{DA83178B-04F3-4DA7-98DA-748C65B63851}.Debug|Any CPU.ActiveCfg = Debug|Any CPU
		{DA83178B-04F3-4DA7-98DA-748C65B63851}.Debug|Any CPU.Build.0 = Debug|Any CPU
		{DA83178B-04F3-4DA7-98DA-748C65B63851}.Release|Any CPU.ActiveCfg = Release|Any CPU
		{DA83178B-04F3-4DA7-98DA-748C65B63851}.Release|Any CPU.Build.0 = Release|Any CPU
		{3C1139EA-46FD-4068-875E-FC431D82E1F1}.Debug|Any CPU.ActiveCfg = Debug|Any CPU
		{3C1139EA-46FD-4068-875E-FC431D82E1F1}.Debug|Any CPU.Build.0 = Debug|Any CPU
		{3C1139EA-46FD-4068-875E-FC431D82E1F1}.Release|Any CPU.ActiveCfg = Release|Any CPU
		{3C1139EA-46FD-4068-875E-FC431D82E1F1}.Release|Any CPU.Build.0 = Release|Any CPU
		{D2A21D70-F130-47FE-8785-1081EA2D3853}.Debug|Any CPU.ActiveCfg = Debug|Any CPU
		{D2A21D70-F130-47FE-8785-1081EA2D3853}.Debug|Any CPU.Build.0 = Debug|Any CPU
		{D2A21D70-F130-47FE-8785-1081EA2D3853}.Release|Any CPU.ActiveCfg = Release|Any CPU
		{D2A21D70-F130-47FE-8785-1081EA2D3853}.Release|Any CPU.Build.0 = Release|Any CPU
		{F3C304CC-3A7F-438F-A713-1C43CE2F27C8}.Debug|Any CPU.ActiveCfg = Debug|Any CPU
		{F3C304CC-3A7F-438F-A713-1C43CE2F27C8}.Debug|Any CPU.Build.0 = Debug|Any CPU
		{F3C304CC-3A7F-438F-A713-1C43CE2F27C8}.Release|Any CPU.ActiveCfg = Release|Any CPU
		{F3C304CC-3A7F-438F-A713-1C43CE2F27C8}.Release|Any CPU.Build.0 = Release|Any CPU
		{40292863-F01E-4CF9-A342-C1A9C5D7DAE2}.Debug|Any CPU.ActiveCfg = Debug|Any CPU
		{40292863-F01E-4CF9-A342-C1A9C5D7DAE2}.Debug|Any CPU.Build.0 = Debug|Any CPU
		{40292863-F01E-4CF9-A342-C1A9C5D7DAE2}.Release|Any CPU.ActiveCfg = Release|Any CPU
		{40292863-F01E-4CF9-A342-C1A9C5D7DAE2}.Release|Any CPU.Build.0 = Release|Any CPU
	EndGlobalSection
	GlobalSection(SolutionProperties) = preSolution
		HideSolutionNode = FALSE
	EndGlobalSection
	GlobalSection(ExtensibilityGlobals) = postSolution
		SolutionGuid = {731F019B-0936-40F6-9D53-D8778AFCD350}
	EndGlobalSection
EndGlobal
